
Microsoft Visual Studio Solution File, Format Version 12.00
# Visual Studio 14
VisualStudioVersion = 14.0.24720.0
MinimumVisualStudioVersion = 10.0.40219.1
Project("{8BC9CEB8-8B4A-11D0-8D11-00A0C91BC942}") = "betfair_cpp_api", "betfair_cpp_api.vcxproj", "{DB1559F5-076A-433B-8107-C5E9CFB459A2}"
EndProject
Project("{888888A0-9F3D-457C-B088-3A5042F75D52}") = "generator", "..\generator\generator.pyproj", "{D7841059-7787-48B3-9FC4-89ED3225F617}"
EndProject
Global
	GlobalSection(SolutionConfigurationPlatforms) = preSolution
		Debug|Any CPU = Debug|Any CPU
		Debug|x64 = Debug|x64
		Debug|x86 = Debug|x86
		Release|Any CPU = Release|Any CPU
		Release|x64 = Release|x64
		Release|x86 = Release|x86
	EndGlobalSection
	GlobalSection(ProjectConfigurationPlatforms) = postSolution
		{DB1559F5-076A-433B-8107-C5E9CFB459A2}.Debug|Any CPU.ActiveCfg = Debug|Win32
		{DB1559F5-076A-433B-8107-C5E9CFB459A2}.Debug|x64.ActiveCfg = Debug|x64
		{DB1559F5-076A-433B-8107-C5E9CFB459A2}.Debug|x64.Build.0 = Debug|x64
		{DB1559F5-076A-433B-8107-C5E9CFB459A2}.Debug|x86.ActiveCfg = Debug|Win32
		{DB1559F5-076A-433B-8107-C5E9CFB459A2}.Debug|x86.Build.0 = Debug|Win32
		{DB1559F5-076A-433B-8107-C5E9CFB459A2}.Release|Any CPU.ActiveCfg = Release|Win32
		{DB1559F5-076A-433B-8107-C5E9CFB459A2}.Release|x64.ActiveCfg = Release|x64
		{DB1559F5-076A-433B-8107-C5E9CFB459A2}.Release|x64.Build.0 = Release|x64
		{DB1559F5-076A-433B-8107-C5E9CFB459A2}.Release|x86.ActiveCfg = Release|Win32
		{DB1559F5-076A-433B-8107-C5E9CFB459A2}.Release|x86.Build.0 = Release|Win32
		{D7841059-7787-48B3-9FC4-89ED3225F617}.Debug|Any CPU.ActiveCfg = Debug|Any CPU
		{D7841059-7787-48B3-9FC4-89ED3225F617}.Debug|x64.ActiveCfg = Debug|Any CPU
		{D7841059-7787-48B3-9FC4-89ED3225F617}.Debug|x86.ActiveCfg = Debug|Any CPU
		{D7841059-7787-48B3-9FC4-89ED3225F617}.Release|Any CPU.ActiveCfg = Release|Any CPU
		{D7841059-7787-48B3-9FC4-89ED3225F617}.Release|x64.ActiveCfg = Release|Any CPU
		{D7841059-7787-48B3-9FC4-89ED3225F617}.Release|x86.ActiveCfg = Release|Any CPU
	EndGlobalSection
	GlobalSection(SolutionProperties) = preSolution
		HideSolutionNode = FALSE
	EndGlobalSection
EndGlobal
